
Microsoft Visual Studio Solution File, Format Version 12.00
# Visual Studio Version 17
VisualStudioVersion = 17.3.32819.101
MinimumVisualStudioVersion = 10.0.40219.1
Project("{888888A0-9F3D-457C-B088-3A5042F75D52}") = "Busqueda en profundidad - SE7E1", "Busqueda en profundidad - SE7E1\Busqueda en profundidad - SE7E1.pyproj", "{729EE52A-10AC-4A3B-BE20-D154B3F9EE4D}"
EndProject
Global
	GlobalSection(SolutionConfigurationPlatforms) = preSolution
		Debug|Any CPU = Debug|Any CPU
		Release|Any CPU = Release|Any CPU
	EndGlobalSection
	GlobalSection(ProjectConfigurationPlatforms) = postSolution
		{729EE52A-10AC-4A3B-BE20-D154B3F9EE4D}.Debug|Any CPU.ActiveCfg = Debug|Any CPU
		{729EE52A-10AC-4A3B-BE20-D154B3F9EE4D}.Release|Any CPU.ActiveCfg = Release|Any CPU
	EndGlobalSection
	GlobalSection(SolutionProperties) = preSolution
		HideSolutionNode = FALSE
	EndGlobalSection
	GlobalSection(ExtensibilityGlobals) = postSolution
		SolutionGuid = {367F61DE-3360-468D-ACCC-E15EE4E42C87}
	EndGlobalSection
EndGlobal
