
Microsoft Visual Studio Solution File, Format Version 12.00
# Visual Studio Version 17
VisualStudioVersion = 17.3.32819.101
MinimumVisualStudioVersion = 10.0.40219.1
Project("{888888A0-9F3D-457C-B088-3A5042F75D52}") = "Estacionamiento - Busqueda en Amplitud", "Estacionamiento - Busqueda en Amplitud\Estacionamiento - Busqueda en Amplitud.pyproj", "{D18689EF-0AC9-48B2-8EE9-AEB1658991CB}"
EndProject
Global
	GlobalSection(SolutionConfigurationPlatforms) = preSolution
		Debug|Any CPU = Debug|Any CPU
		Release|Any CPU = Release|Any CPU
	EndGlobalSection
	GlobalSection(ProjectConfigurationPlatforms) = postSolution
		{D18689EF-0AC9-48B2-8EE9-AEB1658991CB}.Debug|Any CPU.ActiveCfg = Debug|Any CPU
		{D18689EF-0AC9-48B2-8EE9-AEB1658991CB}.Release|Any CPU.ActiveCfg = Release|Any CPU
	EndGlobalSection
	GlobalSection(SolutionProperties) = preSolution
		HideSolutionNode = FALSE
	EndGlobalSection
	GlobalSection(ExtensibilityGlobals) = postSolution
		SolutionGuid = {D92F936D-4B06-421C-8AF8-B13FB8002797}
	EndGlobalSection
EndGlobal
