
Microsoft Visual Studio Solution File, Format Version 12.00
# Visual Studio Version 17
VisualStudioVersion = 17.3.32819.101
MinimumVisualStudioVersion = 10.0.40219.1
Project("{888888A0-9F3D-457C-B088-3A5042F75D52}") = "Ruta más corta - Ascenso de la colina", "Ruta más corta - Ascenso de la colina\Ruta más corta - Ascenso de la colina.pyproj", "{CDCFB10A-B4AF-4A21-98BE-3FAAADC00A55}"
EndProject
Global
	GlobalSection(SolutionConfigurationPlatforms) = preSolution
		Debug|Any CPU = Debug|Any CPU
		Release|Any CPU = Release|Any CPU
	EndGlobalSection
	GlobalSection(ProjectConfigurationPlatforms) = postSolution
		{CDCFB10A-B4AF-4A21-98BE-3FAAADC00A55}.Debug|Any CPU.ActiveCfg = Debug|Any CPU
		{CDCFB10A-B4AF-4A21-98BE-3FAAADC00A55}.Release|Any CPU.ActiveCfg = Release|Any CPU
	EndGlobalSection
	GlobalSection(SolutionProperties) = preSolution
		HideSolutionNode = FALSE
	EndGlobalSection
	GlobalSection(ExtensibilityGlobals) = postSolution
		SolutionGuid = {5C42C9F4-6BF4-44D9-AF55-E4EDBAFD912F}
	EndGlobalSection
EndGlobal
